
Microsoft Visual Studio Solution File, Format Version 12.00
# Visual Studio Version 17
VisualStudioVersion = 17.1.32328.378
MinimumVisualStudioVersion = 10.0.40219.1
Project("{9A19103F-16F7-4668-BE54-9A1E7A4F7556}") = "DbFirst.Web", "DbFirst.Web\DbFirst.Web.csproj", "{3A323811-56A5-43DA-B46D-497292B129B7}"
EndProject
Project("{9A19103F-16F7-4668-BE54-9A1E7A4F7556}") = "DbFirst.Data", "DbFirst.Data\DbFirst.Data.csproj", "{5A97BCE6-C7CE-4EC4-9A43-9FD195CB89E2}"
EndProject
Project("{FAE04EC0-301F-11D3-BF4B-00C04F79EFBC}") = "DbFirst.Servicios", "DbFirst.Servicios\DbFirst.Servicios.csproj", "{D105CC70-C121-4DB4-871D-FE62EDABACE7}"
EndProject
Global
	GlobalSection(SolutionConfigurationPlatforms) = preSolution
		Debug|Any CPU = Debug|Any CPU
		Release|Any CPU = Release|Any CPU
	EndGlobalSection
	GlobalSection(ProjectConfigurationPlatforms) = postSolution
		{3A323811-56A5-43DA-B46D-497292B129B7}.Debug|Any CPU.ActiveCfg = Debug|Any CPU
		{3A323811-56A5-43DA-B46D-497292B129B7}.Debug|Any CPU.Build.0 = Debug|Any CPU
		{3A323811-56A5-43DA-B46D-497292B129B7}.Release|Any CPU.ActiveCfg = Release|Any CPU
		{3A323811-56A5-43DA-B46D-497292B129B7}.Release|Any CPU.Build.0 = Release|Any CPU
		{5A97BCE6-C7CE-4EC4-9A43-9FD195CB89E2}.Debug|Any CPU.ActiveCfg = Debug|Any CPU
		{5A97BCE6-C7CE-4EC4-9A43-9FD195CB89E2}.Debug|Any CPU.Build.0 = Debug|Any CPU
		{5A97BCE6-C7CE-4EC4-9A43-9FD195CB89E2}.Release|Any CPU.ActiveCfg = Release|Any CPU
		{5A97BCE6-C7CE-4EC4-9A43-9FD195CB89E2}.Release|Any CPU.Build.0 = Release|Any CPU
		{D105CC70-C121-4DB4-871D-FE62EDABACE7}.Debug|Any CPU.ActiveCfg = Debug|Any CPU
		{D105CC70-C121-4DB4-871D-FE62EDABACE7}.Debug|Any CPU.Build.0 = Debug|Any CPU
		{D105CC70-C121-4DB4-871D-FE62EDABACE7}.Release|Any CPU.ActiveCfg = Release|Any CPU
		{D105CC70-C121-4DB4-871D-FE62EDABACE7}.Release|Any CPU.Build.0 = Release|Any CPU
	EndGlobalSection
	GlobalSection(SolutionProperties) = preSolution
		HideSolutionNode = FALSE
	EndGlobalSection
	GlobalSection(ExtensibilityGlobals) = postSolution
		SolutionGuid = {D4B56103-4512-4B81-896C-2E2967C184AB}
	EndGlobalSection
EndGlobal
